// !$*UTF8*$!
{
	archiveVersion = 1;
	classes = {
	};
	objectVersion = 56;
	objects = {

/* Begin PBXBuildFile section */
		BD0F501E2DB5A6210083AE67 /* ContentView.swift in Sources */ = {isa = PBXBuildFile; fileRef = BD0F501D2DB5A6210083AE67 /* ContentView.swift */; };
		BD0F50202DB5A6230083AE67 /* Assets.xcassets in Resources */ = {isa = PBXBuildFile; fileRef = BD0F501F2DB5A6230083AE67 /* Assets.xcassets */; };
		BD0F50242DB5A6230083AE67 /* Preview Assets.xcassets in Resources */ = {isa = PBXBuildFile; fileRef = BD0F50232DB5A6230083AE67 /* Preview Assets.xcassets */; };
		BD0F502E2DB5A6230083AE67 /* MathMatchTests.swift in Sources */ = {isa = PBXBuildFile; fileRef = BD0F502D2DB5A6230083AE67 /* MathMatchTests.swift */; };
		BD0F50382DB5A6230083AE67 /* MathMatchUITests.swift in Sources */ = {isa = PBXBuildFile; fileRef = BD0F50372DB5A6230083AE67 /* MathMatchUITests.swift */; };
		BD0F503A2DB5A6230083AE67 /* MathMatchUITestsLaunchTests.swift in Sources */ = {isa = PBXBuildFile; fileRef = BD0F50392DB5A6230083AE67 /* MathMatchUITestsLaunchTests.swift */; };
		BD0F50492DB5C7290083AE67 /* correct-6033.mp3 in Resources */ = {isa = PBXBuildFile; fileRef = BD0F50482DB5C7290083AE67 /* correct-6033.mp3 */; };
		BD0F504B2DB5C8C10083AE67 /* wrong-47985.mp3 in Resources */ = {isa = PBXBuildFile; fileRef = BD0F504A2DB5C8C10083AE67 /* wrong-47985.mp3 */; };
		BD0F504D2DB5F6CF0083AE67 /* MathMatch-logo.png in Resources */ = {isa = PBXBuildFile; fileRef = BD0F504C2DB5F6CF0083AE67 /* MathMatch-logo.png */; };
/* End PBXBuildFile section */

/* Begin PBXContainerItemProxy section */
		BD0F502A2DB5A6230083AE67 /* PBXContainerItemProxy */ = {
			isa = PBXContainerItemProxy;
			containerPortal = BD0F50102DB5A6210083AE67 /* Project object */;
			proxyType = 1;
			remoteGlobalIDString = BD0F50172DB5A6210083AE67;
			remoteInfo = MathMatch;
		};
		BD0F50342DB5A6230083AE67 /* PBXContainerItemProxy */ = {
			isa = PBXContainerItemProxy;
			containerPortal = BD0F50102DB5A6210083AE67 /* Project object */;
			proxyType = 1;
			remoteGlobalIDString = BD0F50172DB5A6210083AE67;
			remoteInfo = MathMatch;
		};
/* End PBXContainerItemProxy section */

/* Begin PBXFileReference section */
		BD0F50182DB5A6210083AE67 /* MathMatch.app */ = {isa = PBXFileReference; explicitFileType = wrapper.application; includeInIndex = 0; path = MathMatch.app; sourceTree = BUILT_PRODUCTS_DIR; };
		BD0F501D2DB5A6210083AE67 /* ContentView.swift */ = {isa = PBXFileReference; lastKnownFileType = sourcecode.swift; path = ContentView.swift; sourceTree = "<group>"; };
		BD0F501F2DB5A6230083AE67 /* Assets.xcassets */ = {isa = PBXFileReference; lastKnownFileType = folder.assetcatalog; path = Assets.xcassets; sourceTree = "<group>"; };
		BD0F50212DB5A6230083AE67 /* MathMatch.entitlements */ = {isa = PBXFileReference; lastKnownFileType = text.plist.entitlements; path = MathMatch.entitlements; sourceTree = "<group>"; };
		BD0F50232DB5A6230083AE67 /* Preview Assets.xcassets */ = {isa = PBXFileReference; lastKnownFileType = folder.assetcatalog; path = "Preview Assets.xcassets"; sourceTree = "<group>"; };
		BD0F50292DB5A6230083AE67 /* MathMatchTests.xctest */ = {isa = PBXFileReference; explicitFileType = wrapper.cfbundle; includeInIndex = 0; path = MathMatchTests.xctest; sourceTree = BUILT_PRODUCTS_DIR; };
		BD0F502D2DB5A6230083AE67 /* MathMatchTests.swift */ = {isa = PBXFileReference; lastKnownFileType = sourcecode.swift; path = MathMatchTests.swift; sourceTree = "<group>"; };
		BD0F50332DB5A6230083AE67 /* MathMatchUITests.xctest */ = {isa = PBXFileReference; explicitFileType = wrapper.cfbundle; includeInIndex = 0; path = MathMatchUITests.xctest; sourceTree = BUILT_PRODUCTS_DIR; };
		BD0F50372DB5A6230083AE67 /* MathMatchUITests.swift */ = {isa = PBXFileReference; lastKnownFileType = sourcecode.swift; path = MathMatchUITests.swift; sourceTree = "<group>"; };
		BD0F50392DB5A6230083AE67 /* MathMatchUITestsLaunchTests.swift */ = {isa = PBXFileReference; lastKnownFileType = sourcecode.swift; path = MathMatchUITestsLaunchTests.swift; sourceTree = "<group>"; };
		BD0F50482DB5C7290083AE67 /* correct-6033.mp3 */ = {isa = PBXFileReference; lastKnownFileType = audio.mp3; name = "correct-6033.mp3"; path = "../../../Downloads/correct-6033.mp3"; sourceTree = "<group>"; };
		BD0F504A2DB5C8C10083AE67 /* wrong-47985.mp3 */ = {isa = PBXFileReference; lastKnownFileType = audio.mp3; name = "wrong-47985.mp3"; path = "../../../Downloads/wrong-47985.mp3"; sourceTree = "<group>"; };
		BD0F504C2DB5F6CF0083AE67 /* MathMatch-logo.png */ = {isa = PBXFileReference; lastKnownFileType = image.png; path = "MathMatch-logo.png"; sourceTree = "<group>"; };
/* End PBXFileReference section */

/* Begin PBXFrameworksBuildPhase section */
		BD0F50152DB5A6210083AE67 /* Frameworks */ = {
			isa = PBXFrameworksBuildPhase;
			buildActionMask = 2147483647;
			files = (
			);
			runOnlyForDeploymentPostprocessing = 0;
		};
		BD0F50262DB5A6230083AE67 /* Frameworks */ = {
			isa = PBXFrameworksBuildPhase;
			buildActionMask = 2147483647;
			files = (
			);
			runOnlyForDeploymentPostprocessing = 0;
		};
		BD0F50302DB5A6230083AE67 /* Frameworks */ = {
			isa = PBXFrameworksBuildPhase;
			buildActionMask = 2147483647;
			files = (
			);
			runOnlyForDeploymentPostprocessing = 0;
		};
/* End PBXFrameworksBuildPhase section */

/* Begin PBXGroup section */
		BD0F500F2DB5A6210083AE67 = {
			isa = PBXGroup;
			children = (
				BD0F501A2DB5A6210083AE67 /* MathMatch */,
				BD0F502C2DB5A6230083AE67 /* MathMatchTests */,
				BD0F50362DB5A6230083AE67 /* MathMatchUITests */,
				BD0F50192DB5A6210083AE67 /* Products */,
			);
			sourceTree = "<group>";
		};
		BD0F50192DB5A6210083AE67 /* Products */ = {
			isa = PBXGroup;
			children = (
				BD0F50182DB5A6210083AE67 /* MathMatch.app */,
				BD0F50292DB5A6230083AE67 /* MathMatchTests.xctest */,
				BD0F50332DB5A6230083AE67 /* MathMatchUITests.xctest */,
			);
			name = Products;
			sourceTree = "<group>";
		};
		BD0F501A2DB5A6210083AE67 /* MathMatch */ = {
			isa = PBXGroup;
			children = (
				BD0F504A2DB5C8C10083AE67 /* wrong-47985.mp3 */,
				BD0F50482DB5C7290083AE67 /* correct-6033.mp3 */,
				BD0F501D2DB5A6210083AE67 /* ContentView.swift */,
				BD0F501F2DB5A6230083AE67 /* Assets.xcassets */,
				BD0F504C2DB5F6CF0083AE67 /* MathMatch-logo.png */,
				BD0F50212DB5A6230083AE67 /* MathMatch.entitlements */,
				BD0F50222DB5A6230083AE67 /* Preview Content */,
			);
			path = MathMatch;
			sourceTree = "<group>";
		};
		BD0F50222DB5A6230083AE67 /* Preview Content */ = {
			isa = PBXGroup;
			children = (
				BD0F50232DB5A6230083AE67 /* Preview Assets.xcassets */,
			);
			path = "Preview Content";
			sourceTree = "<group>";
		};
		BD0F502C2DB5A6230083AE67 /* MathMatchTests */ = {
			isa = PBXGroup;
			children = (
				BD0F502D2DB5A6230083AE67 /* MathMatchTests.swift */,
			);
			path = MathMatchTests;
			sourceTree = "<group>";
		};
		BD0F50362DB5A6230083AE67 /* MathMatchUITests */ = {
			isa = PBXGroup;
			children = (
				BD0F50372DB5A6230083AE67 /* MathMatchUITests.swift */,
				BD0F50392DB5A6230083AE67 /* MathMatchUITestsLaunchTests.swift */,
			);
			path = MathMatchUITests;
			sourceTree = "<group>";
		};
/* End PBXGroup section */

/* Begin PBXNativeTarget section */
		BD0F50172DB5A6210083AE67 /* MathMatch */ = {
			isa = PBXNativeTarget;
			buildConfigurationList = BD0F503D2DB5A6230083AE67 /* Build configuration list for PBXNativeTarget "MathMatch" */;
			buildPhases = (
				BD0F50142DB5A6210083AE67 /* Sources */,
				BD0F50152DB5A6210083AE67 /* Frameworks */,
				BD0F50162DB5A6210083AE67 /* Resources */,
			);
			buildRules = (
			);
			dependencies = (
			);
			name = MathMatch;
			productName = MathMatch;
			productReference = BD0F50182DB5A6210083AE67 /* MathMatch.app */;
			productType = "com.apple.product-type.application";
		};
		BD0F50282DB5A6230083AE67 /* MathMatchTests */ = {
			isa = PBXNativeTarget;
			buildConfigurationList = BD0F50402DB5A6230083AE67 /* Build configuration list for PBXNativeTarget "MathMatchTests" */;
			buildPhases = (
				BD0F50252DB5A6230083AE67 /* Sources */,
				BD0F50262DB5A6230083AE67 /* Frameworks */,
				BD0F50272DB5A6230083AE67 /* Resources */,
			);
			buildRules = (
			);
			dependencies = (
				BD0F502B2DB5A6230083AE67 /* PBXTargetDependency */,
			);
			name = MathMatchTests;
			productName = MathMatchTests;
			productReference = BD0F50292DB5A6230083AE67 /* MathMatchTests.xctest */;
			productType = "com.apple.product-type.bundle.unit-test";
		};
		BD0F50322DB5A6230083AE67 /* MathMatchUITests */ = {
			isa = PBXNativeTarget;
			buildConfigurationList = BD0F50432DB5A6230083AE67 /* Build configuration list for PBXNativeTarget "MathMatchUITests" */;
			buildPhases = (
				BD0F502F2DB5A6230083AE67 /* Sources */,
				BD0F50302DB5A6230083AE67 /* Frameworks */,
				BD0F50312DB5A6230083AE67 /* Resources */,
			);
			buildRules = (
			);
			dependencies = (
				BD0F50352DB5A6230083AE67 /* PBXTargetDependency */,
			);
			name = MathMatchUITests;
			productName = MathMatchUITests;
			productReference = BD0F50332DB5A6230083AE67 /* MathMatchUITests.xctest */;
			productType = "com.apple.product-type.bundle.ui-testing";
		};
/* End PBXNativeTarget section */

/* Begin PBXProject section */
		BD0F50102DB5A6210083AE67 /* Project object */ = {
			isa = PBXProject;
			attributes = {
				BuildIndependentTargetsInParallel = 1;
				LastSwiftUpdateCheck = 1540;
				LastUpgradeCheck = 1540;
				TargetAttributes = {
					BD0F50172DB5A6210083AE67 = {
						CreatedOnToolsVersion = 15.4;
					};
					BD0F50282DB5A6230083AE67 = {
						CreatedOnToolsVersion = 15.4;
						TestTargetID = BD0F50172DB5A6210083AE67;
					};
					BD0F50322DB5A6230083AE67 = {
						CreatedOnToolsVersion = 15.4;
						TestTargetID = BD0F50172DB5A6210083AE67;
					};
				};
			};
			buildConfigurationList = BD0F50132DB5A6210083AE67 /* Build configuration list for PBXProject "MathMatch" */;
			compatibilityVersion = "Xcode 14.0";
			developmentRegion = en;
			hasScannedForEncodings = 0;
			knownRegions = (
				en,
				Base,
			);
			mainGroup = BD0F500F2DB5A6210083AE67;
			productRefGroup = BD0F50192DB5A6210083AE67 /* Products */;
			projectDirPath = "";
			projectRoot = "";
			targets = (
				BD0F50172DB5A6210083AE67 /* MathMatch */,
				BD0F50282DB5A6230083AE67 /* MathMatchTests */,
				BD0F50322DB5A6230083AE67 /* MathMatchUITests */,
			);
		};
/* End PBXProject section */

/* Begin PBXResourcesBuildPhase section */
		BD0F50162DB5A6210083AE67 /* Resources */ = {
			isa = PBXResourcesBuildPhase;
			buildActionMask = 2147483647;
			files = (
				BD0F504B2DB5C8C10083AE67 /* wrong-47985.mp3 in Resources */,
				BD0F50492DB5C7290083AE67 /* correct-6033.mp3 in Resources */,
				BD0F504D2DB5F6CF0083AE67 /* MathMatch-logo.png in Resources */,
				BD0F50242DB5A6230083AE67 /* Preview Assets.xcassets in Resources */,
				BD0F50202DB5A6230083AE67 /* Assets.xcassets in Resources */,
			);
			runOnlyForDeploymentPostprocessing = 0;
		};
		BD0F50272DB5A6230083AE67 /* Resources */ = {
			isa = PBXResourcesBuildPhase;
			buildActionMask = 2147483647;
			files = (
			);
			runOnlyForDeploymentPostprocessing = 0;
		};
		BD0F50312DB5A6230083AE67 /* Resources */ = {
			isa = PBXResourcesBuildPhase;
			buildActionMask = 2147483647;
			files = (
			);
			runOnlyForDeploymentPostprocessing = 0;
		};
/* End PBXResourcesBuildPhase section */

/* Begin PBXSourcesBuildPhase section */
		BD0F50142DB5A6210083AE67 /* Sources */ = {
			isa = PBXSourcesBuildPhase;
			buildActionMask = 2147483647;
			files = (
				BD0F501E2DB5A6210083AE67 /* ContentView.swift in Sources */,
			);
			runOnlyForDeploymentPostprocessing = 0;
		};
		BD0F50252DB5A6230083AE67 /* Sources */ = {
			isa = PBXSourcesBuildPhase;
			buildActionMask = 2147483647;
			files = (
				BD0F502E2DB5A6230083AE67 /* MathMatchTests.swift in Sources */,
			);
			runOnlyForDeploymentPostprocessing = 0;
		};
		BD0F502F2DB5A6230083AE67 /* Sources */ = {
			isa = PBXSourcesBuildPhase;
			buildActionMask = 2147483647;
			files = (
				BD0F503A2DB5A6230083AE67 /* MathMatchUITestsLaunchTests.swift in Sources */,
				BD0F50382DB5A6230083AE67 /* MathMatchUITests.swift in Sources */,
			);
			runOnlyForDeploymentPostprocessing = 0;
		};
/* End PBXSourcesBuildPhase section */

/* Begin PBXTargetDependency section */
		BD0F502B2DB5A6230083AE67 /* PBXTargetDependency */ = {
			isa = PBXTargetDependency;
			target = BD0F50172DB5A6210083AE67 /* MathMatch */;
			targetProxy = BD0F502A2DB5A6230083AE67 /* PBXContainerItemProxy */;
		};
		BD0F50352DB5A6230083AE67 /* PBXTargetDependency */ = {
			isa = PBXTargetDependency;
			target = BD0F50172DB5A6210083AE67 /* MathMatch */;
			targetProxy = BD0F50342DB5A6230083AE67 /* PBXContainerItemProxy */;
		};
/* End PBXTargetDependency section */

/* Begin XCBuildConfiguration section */
		BD0F503B2DB5A6230083AE67 /* Debug */ = {
			isa = XCBuildConfiguration;
			buildSettings = {
				ALWAYS_SEARCH_USER_PATHS = NO;
				ASSETCATALOG_COMPILER_GENERATE_SWIFT_ASSET_SYMBOL_EXTENSIONS = YES;
				CLANG_ANALYZER_NONNULL = YES;
				CLANG_ANALYZER_NUMBER_OBJECT_CONVERSION = YES_AGGRESSIVE;
				CLANG_CXX_LANGUAGE_STANDARD = "gnu++20";
				CLANG_ENABLE_MODULES = YES;
				CLANG_ENABLE_OBJC_ARC = YES;
				CLANG_ENABLE_OBJC_WEAK = YES;
				CLANG_WARN_BLOCK_CAPTURE_AUTORELEASING = YES;
				CLANG_WARN_BOOL_CONVERSION = YES;
				CLANG_WARN_COMMA = YES;
				CLANG_WARN_CONSTANT_CONVERSION = YES;
				CLANG_WARN_DEPRECATED_OBJC_IMPLEMENTATIONS = YES;
				CLANG_WARN_DIRECT_OBJC_ISA_USAGE = YES_ERROR;
				CLANG_WARN_DOCUMENTATION_COMMENTS = YES;
				CLANG_WARN_EMPTY_BODY = YES;
				CLANG_WARN_ENUM_CONVERSION = YES;
				CLANG_WARN_INFINITE_RECURSION = YES;
				CLANG_WARN_INT_CONVERSION = YES;
				CLANG_WARN_NON_LITERAL_NULL_CONVERSION = YES;
				CLANG_WARN_OBJC_IMPLICIT_RETAIN_SELF = YES;
				CLANG_WARN_OBJC_LITERAL_CONVERSION = YES;
				CLANG_WARN_OBJC_ROOT_CLASS = YES_ERROR;
				CLANG_WARN_QUOTED_INCLUDE_IN_FRAMEWORK_HEADER = YES;
				CLANG_WARN_RANGE_LOOP_ANALYSIS = YES;
				CLANG_WARN_STRICT_PROTOTYPES = YES;
				CLANG_WARN_SUSPICIOUS_MOVE = YES;
				CLANG_WARN_UNGUARDED_AVAILABILITY = YES_AGGRESSIVE;
				CLANG_WARN_UNREACHABLE_CODE = YES;
				CLANG_WARN__DUPLICATE_METHOD_MATCH = YES;
				COPY_PHASE_STRIP = NO;
				DEBUG_INFORMATION_FORMAT = dwarf;
				ENABLE_STRICT_OBJC_MSGSEND = YES;
				ENABLE_TESTABILITY = YES;
				ENABLE_USER_SCRIPT_SANDBOXING = YES;
				GCC_C_LANGUAGE_STANDARD = gnu17;
				GCC_DYNAMIC_NO_PIC = NO;
				GCC_NO_COMMON_BLOCKS = YES;
				GCC_OPTIMIZATION_LEVEL = 0;
				GCC_PREPROCESSOR_DEFINITIONS = (
					"DEBUG=1",
					"$(inherited)",
				);
				GCC_WARN_64_TO_32_BIT_CONVERSION = YES;
				GCC_WARN_ABOUT_RETURN_TYPE = YES_ERROR;
				GCC_WARN_UNDECLARED_SELECTOR = YES;
				GCC_WARN_UNINITIALIZED_AUTOS = YES_AGGRESSIVE;
				GCC_WARN_UNUSED_FUNCTION = YES;
				GCC_WARN_UNUSED_VARIABLE = YES;
				LOCALIZATION_PREFERS_STRING_CATALOGS = YES;
				MTL_ENABLE_DEBUG_INFO = INCLUDE_SOURCE;
				MTL_FAST_MATH = YES;
				ONLY_ACTIVE_ARCH = YES;
				SWIFT_ACTIVE_COMPILATION_CONDITIONS = "DEBUG $(inherited)";
				SWIFT_OPTIMIZATION_LEVEL = "-Onone";
			};
			name = Debug;
		};
		BD0F503C2DB5A6230083AE67 /* Release */ = {
			isa = XCBuildConfiguration;
			buildSettings = {
				ALWAYS_SEARCH_USER_PATHS = NO;
				ASSETCATALOG_COMPILER_GENERATE_SWIFT_ASSET_SYMBOL_EXTENSIONS = YES;
				CLANG_ANALYZER_NONNULL = YES;
				CLANG_ANALYZER_NUMBER_OBJECT_CONVERSION = YES_AGGRESSIVE;
				CLANG_CXX_LANGUAGE_STANDARD = "gnu++20";
				CLANG_ENABLE_MODULES = YES;
				CLANG_ENABLE_OBJC_ARC = YES;
				CLANG_ENABLE_OBJC_WEAK = YES;
				CLANG_WARN_BLOCK_CAPTURE_AUTORELEASING = YES;
				CLANG_WARN_BOOL_CONVERSION = YES;
				CLANG_WARN_COMMA = YES;
				CLANG_WARN_CONSTANT_CONVERSION = YES;
				CLANG_WARN_DEPRECATED_OBJC_IMPLEMENTATIONS = YES;
				CLANG_WARN_DIRECT_OBJC_ISA_USAGE = YES_ERROR;
				CLANG_WARN_DOCUMENTATION_COMMENTS = YES;
				CLANG_WARN_EMPTY_BODY = YES;
				CLANG_WARN_ENUM_CONVERSION = YES;
				CLANG_WARN_INFINITE_RECURSION = YES;
				CLANG_WARN_INT_CONVERSION = YES;
				CLANG_WARN_NON_LITERAL_NULL_CONVERSION = YES;
				CLANG_WARN_OBJC_IMPLICIT_RETAIN_SELF = YES;
				CLANG_WARN_OBJC_LITERAL_CONVERSION = YES;
				CLANG_WARN_OBJC_ROOT_CLASS = YES_ERROR;
				CLANG_WARN_QUOTED_INCLUDE_IN_FRAMEWORK_HEADER = YES;
				CLANG_WARN_RANGE_LOOP_ANALYSIS = YES;
				CLANG_WARN_STRICT_PROTOTYPES = YES;
				CLANG_WARN_SUSPICIOUS_MOVE = YES;
				CLANG_WARN_UNGUARDED_AVAILABILITY = YES_AGGRESSIVE;
				CLANG_WARN_UNREACHABLE_CODE = YES;
				CLANG_WARN__DUPLICATE_METHOD_MATCH = YES;
				COPY_PHASE_STRIP = NO;
				DEBUG_INFORMATION_FORMAT = "dwarf-with-dsym";
				ENABLE_NS_ASSERTIONS = NO;
				ENABLE_STRICT_OBJC_MSGSEND = YES;
				ENABLE_USER_SCRIPT_SANDBOXING = YES;
				GCC_C_LANGUAGE_STANDARD = gnu17;
				GCC_NO_COMMON_BLOCKS = YES;
				GCC_WARN_64_TO_32_BIT_CONVERSION = YES;
				GCC_WARN_ABOUT_RETURN_TYPE = YES_ERROR;
				GCC_WARN_UNDECLARED_SELECTOR = YES;
				GCC_WARN_UNINITIALIZED_AUTOS = YES_AGGRESSIVE;
				GCC_WARN_UNUSED_FUNCTION = YES;
				GCC_WARN_UNUSED_VARIABLE = YES;
				LOCALIZATION_PREFERS_STRING_CATALOGS = YES;
				MTL_ENABLE_DEBUG_INFO = NO;
				MTL_FAST_MATH = YES;
				SWIFT_COMPILATION_MODE = wholemodule;
			};
			name = Release;
		};
		BD0F503E2DB5A6230083AE67 /* Debug */ = {
			isa = XCBuildConfiguration;
			buildSettings = {
				ASSETCATALOG_COMPILER_APPICON_NAME = AppIcon;
				ASSETCATALOG_COMPILER_GLOBAL_ACCENT_COLOR_NAME = AccentColor;
				CODE_SIGN_ENTITLEMENTS = MathMatch/MathMatch.entitlements;
				CODE_SIGN_STYLE = Automatic;
				CURRENT_PROJECT_VERSION = 1;
				DEVELOPMENT_ASSET_PATHS = "\"MathMatch/Preview Content\"";
				DEVELOPMENT_TEAM = 8R2WR58J27;
				ENABLE_HARDENED_RUNTIME = YES;
				ENABLE_PREVIEWS = YES;
				GENERATE_INFOPLIST_FILE = YES;
				"INFOPLIST_KEY_UIApplicationSceneManifest_Generation[sdk=iphoneos*]" = YES;
				"INFOPLIST_KEY_UIApplicationSceneManifest_Generation[sdk=iphonesimulator*]" = YES;
				"INFOPLIST_KEY_UIApplicationSupportsIndirectInputEvents[sdk=iphoneos*]" = YES;
				"INFOPLIST_KEY_UIApplicationSupportsIndirectInputEvents[sdk=iphonesimulator*]" = YES;
				"INFOPLIST_KEY_UILaunchScreen_Generation[sdk=iphoneos*]" = YES;
				"INFOPLIST_KEY_UILaunchScreen_Generation[sdk=iphonesimulator*]" = YES;
				"INFOPLIST_KEY_UIStatusBarStyle[sdk=iphoneos*]" = UIStatusBarStyleDefault;
				"INFOPLIST_KEY_UIStatusBarStyle[sdk=iphonesimulator*]" = UIStatusBarStyleDefault;
				INFOPLIST_KEY_UISupportedInterfaceOrientations_iPad = "UIInterfaceOrientationPortrait UIInterfaceOrientationPortraitUpsideDown UIInterfaceOrientationLandscapeLeft UIInterfaceOrientationLandscapeRight";
				INFOPLIST_KEY_UISupportedInterfaceOrientations_iPhone = "UIInterfaceOrientationPortrait UIInterfaceOrientationLandscapeLeft UIInterfaceOrientationLandscapeRight";
				IPHONEOS_DEPLOYMENT_TARGET = 17.5;
				LD_RUNPATH_SEARCH_PATHS = "@executable_path/Frameworks";
				"LD_RUNPATH_SEARCH_PATHS[sdk=macosx*]" = "@executable_path/../Frameworks";
				MACOSX_DEPLOYMENT_TARGET = 14.5;
				MARKETING_VERSION = 1.0;
				PRODUCT_BUNDLE_IDENTIFIER = com.woodinvillehighfbla.MathMatch;
				PRODUCT_NAME = "$(TARGET_NAME)";
				SDKROOT = auto;
				SUPPORTED_PLATFORMS = "iphoneos iphonesimulator macosx";
				SWIFT_EMIT_LOC_STRINGS = YES;
				SWIFT_VERSION = 5.0;
				TARGETED_DEVICE_FAMILY = "1,2";
			};
			name = Debug;
		};
		BD0F503F2DB5A6230083AE67 /* Release */ = {
			isa = XCBuildConfiguration;
			buildSettings = {
				ASSETCATALOG_COMPILER_APPICON_NAME = AppIcon;
				ASSETCATALOG_COMPILER_GLOBAL_ACCENT_COLOR_NAME = AccentColor;
				CODE_SIGN_ENTITLEMENTS = MathMatch/MathMatch.entitlements;
				CODE_SIGN_STYLE = Automatic;
				CURRENT_PROJECT_VERSION = 1;
				DEVELOPMENT_ASSET_PATHS = "\"MathMatch/Preview Content\"";
				DEVELOPMENT_TEAM = 8R2WR58J27;
				ENABLE_HARDENED_RUNTIME = YES;
				ENABLE_PREVIEWS = YES;
				GENERATE_INFOPLIST_FILE = YES;
				"INFOPLIST_KEY_UIApplicationSceneManifest_Generation[sdk=iphoneos*]" = YES;
				"INFOPLIST_KEY_UIApplicationSceneManifest_Generation[sdk=iphonesimulator*]" = YES;
				"INFOPLIST_KEY_UIApplicationSupportsIndirectInputEvents[sdk=iphoneos*]" = YES;
				"INFOPLIST_KEY_UIApplicationSupportsIndirectInputEvents[sdk=iphonesimulator*]" = YES;
				"INFOPLIST_KEY_UILaunchScreen_Generation[sdk=iphoneos*]" = YES;
				"INFOPLIST_KEY_UILaunchScreen_Generation[sdk=iphonesimulator*]" = YES;
				"INFOPLIST_KEY_UIStatusBarStyle[sdk=iphoneos*]" = UIStatusBarStyleDefault;
				"INFOPLIST_KEY_UIStatusBarStyle[sdk=iphonesimulator*]" = UIStatusBarStyleDefault;
				INFOPLIST_KEY_UISupportedInterfaceOrientations_iPad = "UIInterfaceOrientationPortrait UIInterfaceOrientationPortraitUpsideDown UIInterfaceOrientationLandscapeLeft UIInterfaceOrientationLandscapeRight";
				INFOPLIST_KEY_UISupportedInterfaceOrientations_iPhone = "UIInterfaceOrientationPortrait UIInterfaceOrientationLandscapeLeft UIInterfaceOrientationLandscapeRight";
				IPHONEOS_DEPLOYMENT_TARGET = 17.5;
				LD_RUNPATH_SEARCH_PATHS = "@executable_path/Frameworks";
				"LD_RUNPATH_SEARCH_PATHS[sdk=macosx*]" = "@executable_path/../Frameworks";
				MACOSX_DEPLOYMENT_TARGET = 14.5;
				MARKETING_VERSION = 1.0;
				PRODUCT_BUNDLE_IDENTIFIER = com.woodinvillehighfbla.MathMatch;
				PRODUCT_NAME = "$(TARGET_NAME)";
				SDKROOT = auto;
				SUPPORTED_PLATFORMS = "iphoneos iphonesimulator macosx";
				SWIFT_EMIT_LOC_STRINGS = YES;
				SWIFT_VERSION = 5.0;
				TARGETED_DEVICE_FAMILY = "1,2";
			};
			name = Release;
		};
		BD0F50412DB5A6230083AE67 /* Debug */ = {
			isa = XCBuildConfiguration;
			buildSettings = {
				ALWAYS_EMBED_SWIFT_STANDARD_LIBRARIES = YES;
				BUNDLE_LOADER = "$(TEST_HOST)";
				CODE_SIGN_STYLE = Automatic;
				CURRENT_PROJECT_VERSION = 1;
				DEVELOPMENT_TEAM = 8R2WR58J27;
				GENERATE_INFOPLIST_FILE = YES;
				IPHONEOS_DEPLOYMENT_TARGET = 17.5;
				MACOSX_DEPLOYMENT_TARGET = 14.5;
				MARKETING_VERSION = 1.0;
				PRODUCT_BUNDLE_IDENTIFIER = com.woodinvillehighfbla.MathMatchTests;
				PRODUCT_NAME = "$(TARGET_NAME)";
				SDKROOT = auto;
				SUPPORTED_PLATFORMS = "iphoneos iphonesimulator macosx";
				SWIFT_EMIT_LOC_STRINGS = NO;
				SWIFT_VERSION = 5.0;
				TARGETED_DEVICE_FAMILY = "1,2";
				TEST_HOST = "$(BUILT_PRODUCTS_DIR)/MathMatch.app/$(BUNDLE_EXECUTABLE_FOLDER_PATH)/MathMatch";
			};
			name = Debug;
		};
		BD0F50422DB5A6230083AE67 /* Release */ = {
			isa = XCBuildConfiguration;
			buildSettings = {
				ALWAYS_EMBED_SWIFT_STANDARD_LIBRARIES = YES;
				BUNDLE_LOADER = "$(TEST_HOST)";
				CODE_SIGN_STYLE = Automatic;
				CURRENT_PROJECT_VERSION = 1;
				DEVELOPMENT_TEAM = 8R2WR58J27;
				GENERATE_INFOPLIST_FILE = YES;
				IPHONEOS_DEPLOYMENT_TARGET = 17.5;
				MACOSX_DEPLOYMENT_TARGET = 14.5;
				MARKETING_VERSION = 1.0;
				PRODUCT_BUNDLE_IDENTIFIER = com.woodinvillehighfbla.MathMatchTests;
				PRODUCT_NAME = "$(TARGET_NAME)";
				SDKROOT = auto;
				SUPPORTED_PLATFORMS = "iphoneos iphonesimulator macosx";
				SWIFT_EMIT_LOC_STRINGS = NO;
				SWIFT_VERSION = 5.0;
				TARGETED_DEVICE_FAMILY = "1,2";
				TEST_HOST = "$(BUILT_PRODUCTS_DIR)/MathMatch.app/$(BUNDLE_EXECUTABLE_FOLDER_PATH)/MathMatch";
			};
			name = Release;
		};
		BD0F50442DB5A6230083AE67 /* Debug */ = {
			isa = XCBuildConfiguration;
			buildSettings = {
				ALWAYS_EMBED_SWIFT_STANDARD_LIBRARIES = YES;
				CODE_SIGN_STYLE = Automatic;
				CURRENT_PROJECT_VERSION = 1;
				DEVELOPMENT_TEAM = 8R2WR58J27;
				GENERATE_INFOPLIST_FILE = YES;
				IPHONEOS_DEPLOYMENT_TARGET = 17.5;
				MACOSX_DEPLOYMENT_TARGET = 14.5;
				MARKETING_VERSION = 1.0;
				PRODUCT_BUNDLE_IDENTIFIER = com.woodinvillehighfbla.MathMatchUITests;
				PRODUCT_NAME = "$(TARGET_NAME)";
				SDKROOT = auto;
				SUPPORTED_PLATFORMS = "iphoneos iphonesimulator macosx";
				SWIFT_EMIT_LOC_STRINGS = NO;
				SWIFT_VERSION = 5.0;
				TARGETED_DEVICE_FAMILY = "1,2";
				TEST_TARGET_NAME = MathMatch;
			};
			name = Debug;
		};
		BD0F50452DB5A6230083AE67 /* Release */ = {
			isa = XCBuildConfiguration;
			buildSettings = {
				ALWAYS_EMBED_SWIFT_STANDARD_LIBRARIES = YES;
				CODE_SIGN_STYLE = Automatic;
				CURRENT_PROJECT_VERSION = 1;
				DEVELOPMENT_TEAM = 8R2WR58J27;
				GENERATE_INFOPLIST_FILE = YES;
				IPHONEOS_DEPLOYMENT_TARGET = 17.5;
				MACOSX_DEPLOYMENT_TARGET = 14.5;
				MARKETING_VERSION = 1.0;
				PRODUCT_BUNDLE_IDENTIFIER = com.woodinvillehighfbla.MathMatchUITests;
				PRODUCT_NAME = "$(TARGET_NAME)";
				SDKROOT = auto;
				SUPPORTED_PLATFORMS = "iphoneos iphonesimulator macosx";
				SWIFT_EMIT_LOC_STRINGS = NO;
				SWIFT_VERSION = 5.0;
				TARGETED_DEVICE_FAMILY = "1,2";
				TEST_TARGET_NAME = MathMatch;
			};
			name = Release;
		};
/* End XCBuildConfiguration section */

/* Begin XCConfigurationList section */
		BD0F50132DB5A6210083AE67 /* Build configuration list for PBXProject "MathMatch" */ = {
			isa = XCConfigurationList;
			buildConfigurations = (
				BD0F503B2DB5A6230083AE67 /* Debug */,
				BD0F503C2DB5A6230083AE67 /* Release */,
			);
			defaultConfigurationIsVisible = 0;
			defaultConfigurationName = Release;
		};
		BD0F503D2DB5A6230083AE67 /* Build configuration list for PBXNativeTarget "MathMatch" */ = {
			isa = XCConfigurationList;
			buildConfigurations = (
				BD0F503E2DB5A6230083AE67 /* Debug */,
				BD0F503F2DB5A6230083AE67 /* Release */,
			);
			defaultConfigurationIsVisible = 0;
			defaultConfigurationName = Release;
		};
		BD0F50402DB5A6230083AE67 /* Build configuration list for PBXNativeTarget "MathMatchTests" */ = {
			isa = XCConfigurationList;
			buildConfigurations = (
				BD0F50412DB5A6230083AE67 /* Debug */,
				BD0F50422DB5A6230083AE67 /* Release */,
			);
			defaultConfigurationIsVisible = 0;
			defaultConfigurationName = Release;
		};
		BD0F50432DB5A6230083AE67 /* Build configuration list for PBXNativeTarget "MathMatchUITests" */ = {
			isa = XCConfigurationList;
			buildConfigurations = (
				BD0F50442DB5A6230083AE67 /* Debug */,
				BD0F50452DB5A6230083AE67 /* Release */,
			);
			defaultConfigurationIsVisible = 0;
			defaultConfigurationName = Release;
		};
/* End XCConfigurationList section */
	};
	rootObject = BD0F50102DB5A6210083AE67 /* Project object */;
}
